// !$*UTF8*$!
{
	archiveVersion = 1;
	classes = {
	};
	objectVersion = 77;
	objects = {

/* Begin PBXContainerItemProxy section */
		725BDEBC2D92D14300201469 /* PBXContainerItemProxy */ = {
			isa = PBXContainerItemProxy;
			containerPortal = 725BDEA22D92D14200201469 /* Project object */;
			proxyType = 1;
			remoteGlobalIDString = 725BDEA92D92D14200201469;
			remoteInfo = dBrest;
		};
		725BDEC62D92D14300201469 /* PBXContainerItemProxy */ = {
			isa = PBXContainerItemProxy;
			containerPortal = 725BDEA22D92D14200201469 /* Project object */;
			proxyType = 1;
			remoteGlobalIDString = 725BDEA92D92D14200201469;
			remoteInfo = dBrest;
		};
/* End PBXContainerItemProxy section */

/* Begin PBXFileReference section */
		725BDEAA2D92D14200201469 /* dBrest.app */ = {isa = PBXFileReference; explicitFileType = wrapper.application; includeInIndex = 0; path = dBrest.app; sourceTree = BUILT_PRODUCTS_DIR; };
		725BDEBB2D92D14300201469 /* dBrestTests.xctest */ = {isa = PBXFileReference; explicitFileType = wrapper.cfbundle; includeInIndex = 0; path = dBrestTests.xctest; sourceTree = BUILT_PRODUCTS_DIR; };
		725BDEC52D92D14300201469 /* dBrestUITests.xctest */ = {isa = PBXFileReference; explicitFileType = wrapper.cfbundle; includeInIndex = 0; path = dBrestUITests.xctest; sourceTree = BUILT_PRODUCTS_DIR; };
/* End PBXFileReference section */

/* Begin PBXFileSystemSynchronizedRootGroup section */
		725BDEAC2D92D14200201469 /* dBrest */ = {
			isa = PBXFileSystemSynchronizedRootGroup;
			path = dBrest;
			sourceTree = "<group>";
		};
		725BDEBE2D92D14300201469 /* dBrestTests */ = {
			isa = PBXFileSystemSynchronizedRootGroup;
			path = dBrestTests;
			sourceTree = "<group>";
		};
		725BDEC82D92D14300201469 /* dBrestUITests */ = {
			isa = PBXFileSystemSynchronizedRootGroup;
			path = dBrestUITests;
			sourceTree = "<group>";
		};
/* End PBXFileSystemSynchronizedRootGroup section */

/* Begin PBXFrameworksBuildPhase section */
		725BDEA72D92D14200201469 /* Frameworks */ = {
			isa = PBXFrameworksBuildPhase;
			buildActionMask = 2147483647;
			files = (
			);
			runOnlyForDeploymentPostprocessing = 0;
		};
		725BDEB82D92D14300201469 /* Frameworks */ = {
			isa = PBXFrameworksBuildPhase;
			buildActionMask = 2147483647;
			files = (
			);
			runOnlyForDeploymentPostprocessing = 0;
		};
		725BDEC22D92D14300201469 /* Frameworks */ = {
			isa = PBXFrameworksBuildPhase;
			buildActionMask = 2147483647;
			files = (
			);
			runOnlyForDeploymentPostprocessing = 0;
		};
/* End PBXFrameworksBuildPhase section */

/* Begin PBXGroup section */
		725BDEA12D92D14200201469 = {
			isa = PBXGroup;
			children = (
				725BDEAC2D92D14200201469 /* dBrest */,
				725BDEBE2D92D14300201469 /* dBrestTests */,
				725BDEC82D92D14300201469 /* dBrestUITests */,
				725BDEAB2D92D14200201469 /* Products */,
			);
			sourceTree = "<group>";
		};
		725BDEAB2D92D14200201469 /* Products */ = {
			isa = PBXGroup;
			children = (
				725BDEAA2D92D14200201469 /* dBrest.app */,
				725BDEBB2D92D14300201469 /* dBrestTests.xctest */,
				725BDEC52D92D14300201469 /* dBrestUITests.xctest */,
			);
			name = Products;
			sourceTree = "<group>";
		};
/* End PBXGroup section */

/* Begin PBXNativeTarget section */
		725BDEA92D92D14200201469 /* dBrest */ = {
			isa = PBXNativeTarget;
			buildConfigurationList = 725BDECF2D92D14300201469 /* Build configuration list for PBXNativeTarget "dBrest" */;
			buildPhases = (
				725BDEA62D92D14200201469 /* Sources */,
				725BDEA72D92D14200201469 /* Frameworks */,
				725BDEA82D92D14200201469 /* Resources */,
			);
			buildRules = (
			);
			dependencies = (
			);
			fileSystemSynchronizedGroups = (
				725BDEAC2D92D14200201469 /* dBrest */,
			);
			name = dBrest;
			packageProductDependencies = (
			);
			productName = dBrest;
			productReference = 725BDEAA2D92D14200201469 /* dBrest.app */;
			productType = "com.apple.product-type.application";
		};
		725BDEBA2D92D14300201469 /* dBrestTests */ = {
			isa = PBXNativeTarget;
			buildConfigurationList = 725BDED22D92D14300201469 /* Build configuration list for PBXNativeTarget "dBrestTests" */;
			buildPhases = (
				725BDEB72D92D14300201469 /* Sources */,
				725BDEB82D92D14300201469 /* Frameworks */,
				725BDEB92D92D14300201469 /* Resources */,
			);
			buildRules = (
			);
			dependencies = (
				725BDEBD2D92D14300201469 /* PBXTargetDependency */,
			);
			fileSystemSynchronizedGroups = (
				725BDEBE2D92D14300201469 /* dBrestTests */,
			);
			name = dBrestTests;
			packageProductDependencies = (
			);
			productName = dBrestTests;
			productReference = 725BDEBB2D92D14300201469 /* dBrestTests.xctest */;
			productType = "com.apple.product-type.bundle.unit-test";
		};
		725BDEC42D92D14300201469 /* dBrestUITests */ = {
			isa = PBXNativeTarget;
			buildConfigurationList = 725BDED52D92D14300201469 /* Build configuration list for PBXNativeTarget "dBrestUITests" */;
			buildPhases = (
				725BDEC12D92D14300201469 /* Sources */,
				725BDEC22D92D14300201469 /* Frameworks */,
				725BDEC32D92D14300201469 /* Resources */,
			);
			buildRules = (
			);
			dependencies = (
				725BDEC72D92D14300201469 /* PBXTargetDependency */,
			);
			fileSystemSynchronizedGroups = (
				725BDEC82D92D14300201469 /* dBrestUITests */,
			);
			name = dBrestUITests;
			packageProductDependencies = (
			);
			productName = dBrestUITests;
			productReference = 725BDEC52D92D14300201469 /* dBrestUITests.xctest */;
			productType = "com.apple.product-type.bundle.ui-testing";
		};
/* End PBXNativeTarget section */

/* Begin PBXProject section */
		725BDEA22D92D14200201469 /* Project object */ = {
			isa = PBXProject;
			attributes = {
				BuildIndependentTargetsInParallel = 1;
				LastSwiftUpdateCheck = 1620;
				LastUpgradeCheck = 1620;
				TargetAttributes = {
					725BDEA92D92D14200201469 = {
						CreatedOnToolsVersion = 16.2;
					};
					725BDEBA2D92D14300201469 = {
						CreatedOnToolsVersion = 16.2;
						TestTargetID = 725BDEA92D92D14200201469;
					};
					725BDEC42D92D14300201469 = {
						CreatedOnToolsVersion = 16.2;
						TestTargetID = 725BDEA92D92D14200201469;
					};
				};
			};
			buildConfigurationList = 725BDEA52D92D14200201469 /* Build configuration list for PBXProject "dBrest" */;
			developmentRegion = en;
			hasScannedForEncodings = 0;
			knownRegions = (
				en,
				Base,
			);
			mainGroup = 725BDEA12D92D14200201469;
			minimizedProjectReferenceProxies = 1;
			preferredProjectObjectVersion = 77;
			productRefGroup = 725BDEAB2D92D14200201469 /* Products */;
			projectDirPath = "";
			projectRoot = "";
			targets = (
				725BDEA92D92D14200201469 /* dBrest */,
				725BDEBA2D92D14300201469 /* dBrestTests */,
				725BDEC42D92D14300201469 /* dBrestUITests */,
			);
		};
/* End PBXProject section */

/* Begin PBXResourcesBuildPhase section */
		725BDEA82D92D14200201469 /* Resources */ = {
			isa = PBXResourcesBuildPhase;
			buildActionMask = 2147483647;
			files = (
			);
			runOnlyForDeploymentPostprocessing = 0;
		};
		725BDEB92D92D14300201469 /* Resources */ = {
			isa = PBXResourcesBuildPhase;
			buildActionMask = 2147483647;
			files = (
			);
			runOnlyForDeploymentPostprocessing = 0;
		};
		725BDEC32D92D14300201469 /* Resources */ = {
			isa = PBXResourcesBuildPhase;
			buildActionMask = 2147483647;
			files = (
			);
			runOnlyForDeploymentPostprocessing = 0;
		};
/* End PBXResourcesBuildPhase section */

/* Begin PBXSourcesBuildPhase section */
		725BDEA62D92D14200201469 /* Sources */ = {
			isa = PBXSourcesBuildPhase;
			buildActionMask = 2147483647;
			files = (
			);
			runOnlyForDeploymentPostprocessing = 0;
		};
		725BDEB72D92D14300201469 /* Sources */ = {
			isa = PBXSourcesBuildPhase;
			buildActionMask = 2147483647;
			files = (
			);
			runOnlyForDeploymentPostprocessing = 0;
		};
		725BDEC12D92D14300201469 /* Sources */ = {
			isa = PBXSourcesBuildPhase;
			buildActionMask = 2147483647;
			files = (
			);
			runOnlyForDeploymentPostprocessing = 0;
		};
/* End PBXSourcesBuildPhase section */

/* Begin PBXTargetDependency section */
		725BDEBD2D92D14300201469 /* PBXTargetDependency */ = {
			isa = PBXTargetDependency;
			target = 725BDEA92D92D14200201469 /* dBrest */;
			targetProxy = 725BDEBC2D92D14300201469 /* PBXContainerItemProxy */;
		};
		725BDEC72D92D14300201469 /* PBXTargetDependency */ = {
			isa = PBXTargetDependency;
			target = 725BDEA92D92D14200201469 /* dBrest */;
			targetProxy = 725BDEC62D92D14300201469 /* PBXContainerItemProxy */;
		};
/* End PBXTargetDependency section */

/* Begin XCBuildConfiguration section */
		725BDECD2D92D14300201469 /* Debug */ = {
			isa = XCBuildConfiguration;
			buildSettings = {
				ALWAYS_SEARCH_USER_PATHS = NO;
				ASSETCATALOG_COMPILER_GENERATE_SWIFT_ASSET_SYMBOL_EXTENSIONS = YES;
				CLANG_ANALYZER_NONNULL = YES;
				CLANG_ANALYZER_NUMBER_OBJECT_CONVERSION = YES_AGGRESSIVE;
				CLANG_CXX_LANGUAGE_STANDARD = "gnu++20";
				CLANG_ENABLE_MODULES = YES;
				CLANG_ENABLE_OBJC_ARC = YES;
				CLANG_ENABLE_OBJC_WEAK = YES;
				CLANG_WARN_BLOCK_CAPTURE_AUTORELEASING = YES;
				CLANG_WARN_BOOL_CONVERSION = YES;
				CLANG_WARN_COMMA = YES;
				CLANG_WARN_CONSTANT_CONVERSION = YES;
				CLANG_WARN_DEPRECATED_OBJC_IMPLEMENTATIONS = YES;
				CLANG_WARN_DIRECT_OBJC_ISA_USAGE = YES_ERROR;
				CLANG_WARN_DOCUMENTATION_COMMENTS = YES;
				CLANG_WARN_EMPTY_BODY = YES;
				CLANG_WARN_ENUM_CONVERSION = YES;
				CLANG_WARN_INFINITE_RECURSION = YES;
				CLANG_WARN_INT_CONVERSION = YES;
				CLANG_WARN_NON_LITERAL_NULL_CONVERSION = YES;
				CLANG_WARN_OBJC_IMPLICIT_RETAIN_SELF = YES;
				CLANG_WARN_OBJC_LITERAL_CONVERSION = YES;
				CLANG_WARN_OBJC_ROOT_CLASS = YES_ERROR;
				CLANG_WARN_QUOTED_INCLUDE_IN_FRAMEWORK_HEADER = YES;
				CLANG_WARN_RANGE_LOOP_ANALYSIS = YES;
				CLANG_WARN_STRICT_PROTOTYPES = YES;
				CLANG_WARN_SUSPICIOUS_MOVE = YES;
				CLANG_WARN_UNGUARDED_AVAILABILITY = YES_AGGRESSIVE;
				CLANG_WARN_UNREACHABLE_CODE = YES;
				CLANG_WARN__DUPLICATE_METHOD_MATCH = YES;
				COPY_PHASE_STRIP = NO;
				DEBUG_INFORMATION_FORMAT = dwarf;
				ENABLE_STRICT_OBJC_MSGSEND = YES;
				ENABLE_TESTABILITY = YES;
				ENABLE_USER_SCRIPT_SANDBOXING = YES;
				GCC_C_LANGUAGE_STANDARD = gnu17;
				GCC_DYNAMIC_NO_PIC = NO;
				GCC_NO_COMMON_BLOCKS = YES;
				GCC_OPTIMIZATION_LEVEL = 0;
				GCC_PREPROCESSOR_DEFINITIONS = (
					"DEBUG=1",
					"$(inherited)",
				);
				GCC_WARN_64_TO_32_BIT_CONVERSION = YES;
				GCC_WARN_ABOUT_RETURN_TYPE = YES_ERROR;
				GCC_WARN_UNDECLARED_SELECTOR = YES;
				GCC_WARN_UNINITIALIZED_AUTOS = YES_AGGRESSIVE;
				GCC_WARN_UNUSED_FUNCTION = YES;
				GCC_WARN_UNUSED_VARIABLE = YES;
				LOCALIZATION_PREFERS_STRING_CATALOGS = YES;
				MACOSX_DEPLOYMENT_TARGET = 15.2;
				MTL_ENABLE_DEBUG_INFO = INCLUDE_SOURCE;
				MTL_FAST_MATH = YES;
				ONLY_ACTIVE_ARCH = YES;
				SDKROOT = macosx;
				SWIFT_ACTIVE_COMPILATION_CONDITIONS = "DEBUG $(inherited)";
				SWIFT_OPTIMIZATION_LEVEL = "-Onone";
			};
			name = Debug;
		};
		725BDECE2D92D14300201469 /* Release */ = {
			isa = XCBuildConfiguration;
			buildSettings = {
				ALWAYS_SEARCH_USER_PATHS = NO;
				ASSETCATALOG_COMPILER_GENERATE_SWIFT_ASSET_SYMBOL_EXTENSIONS = YES;
				CLANG_ANALYZER_NONNULL = YES;
				CLANG_ANALYZER_NUMBER_OBJECT_CONVERSION = YES_AGGRESSIVE;
				CLANG_CXX_LANGUAGE_STANDARD = "gnu++20";
				CLANG_ENABLE_MODULES = YES;
				CLANG_ENABLE_OBJC_ARC = YES;
				CLANG_ENABLE_OBJC_WEAK = YES;
				CLANG_WARN_BLOCK_CAPTURE_AUTORELEASING = YES;
				CLANG_WARN_BOOL_CONVERSION = YES;
				CLANG_WARN_COMMA = YES;
				CLANG_WARN_CONSTANT_CONVERSION = YES;
				CLANG_WARN_DEPRECATED_OBJC_IMPLEMENTATIONS = YES;
				CLANG_WARN_DIRECT_OBJC_ISA_USAGE = YES_ERROR;
				CLANG_WARN_DOCUMENTATION_COMMENTS = YES;
				CLANG_WARN_EMPTY_BODY = YES;
				CLANG_WARN_ENUM_CONVERSION = YES;
				CLANG_WARN_INFINITE_RECURSION = YES;
				CLANG_WARN_INT_CONVERSION = YES;
				CLANG_WARN_NON_LITERAL_NULL_CONVERSION = YES;
				CLANG_WARN_OBJC_IMPLICIT_RETAIN_SELF = YES;
				CLANG_WARN_OBJC_LITERAL_CONVERSION = YES;
				CLANG_WARN_OBJC_ROOT_CLASS = YES_ERROR;
				CLANG_WARN_QUOTED_INCLUDE_IN_FRAMEWORK_HEADER = YES;
				CLANG_WARN_RANGE_LOOP_ANALYSIS = YES;
				CLANG_WARN_STRICT_PROTOTYPES = YES;
				CLANG_WARN_SUSPICIOUS_MOVE = YES;
				CLANG_WARN_UNGUARDED_AVAILABILITY = YES_AGGRESSIVE;
				CLANG_WARN_UNREACHABLE_CODE = YES;
				CLANG_WARN__DUPLICATE_METHOD_MATCH = YES;
				COPY_PHASE_STRIP = NO;
				DEBUG_INFORMATION_FORMAT = "dwarf-with-dsym";
				ENABLE_NS_ASSERTIONS = NO;
				ENABLE_STRICT_OBJC_MSGSEND = YES;
				ENABLE_USER_SCRIPT_SANDBOXING = YES;
				GCC_C_LANGUAGE_STANDARD = gnu17;
				GCC_NO_COMMON_BLOCKS = YES;
				GCC_WARN_64_TO_32_BIT_CONVERSION = YES;
				GCC_WARN_ABOUT_RETURN_TYPE = YES_ERROR;
				GCC_WARN_UNDECLARED_SELECTOR = YES;
				GCC_WARN_UNINITIALIZED_AUTOS = YES_AGGRESSIVE;
				GCC_WARN_UNUSED_FUNCTION = YES;
				GCC_WARN_UNUSED_VARIABLE = YES;
				LOCALIZATION_PREFERS_STRING_CATALOGS = YES;
				MACOSX_DEPLOYMENT_TARGET = 15.2;
				MTL_ENABLE_DEBUG_INFO = NO;
				MTL_FAST_MATH = YES;
				SDKROOT = macosx;
				SWIFT_COMPILATION_MODE = wholemodule;
			};
			name = Release;
		};
		725BDED02D92D14300201469 /* Debug */ = {
			isa = XCBuildConfiguration;
			buildSettings = {
				ASSETCATALOG_COMPILER_APPICON_NAME = AppIcon;
				ASSETCATALOG_COMPILER_GLOBAL_ACCENT_COLOR_NAME = AccentColor;
				CODE_SIGN_ENTITLEMENTS = dBrest/dBrest.entitlements;
				CODE_SIGN_STYLE = Automatic;
				COMBINE_HIDPI_IMAGES = YES;
				CURRENT_PROJECT_VERSION = 1;
				DEVELOPMENT_ASSET_PATHS = "\"dBrest/Preview Content\"";
				DEVELOPMENT_TEAM = G5XTFB6483;
				ENABLE_HARDENED_RUNTIME = YES;
				ENABLE_PREVIEWS = YES;
				GENERATE_INFOPLIST_FILE = YES;
				INFOPLIST_KEY_NSHumanReadableCopyright = "";
				LD_RUNPATH_SEARCH_PATHS = (
					"$(inherited)",
					"@executable_path/../Frameworks",
				);
				MARKETING_VERSION = 1.0;
				PRODUCT_BUNDLE_IDENTIFIER = com.msp.dBrest;
				PRODUCT_NAME = "$(TARGET_NAME)";
				SWIFT_EMIT_LOC_STRINGS = YES;
				SWIFT_VERSION = 5.0;
			};
			name = Debug;
		};
		725BDED12D92D14300201469 /* Release */ = {
			isa = XCBuildConfiguration;
			buildSettings = {
				ASSETCATALOG_COMPILER_APPICON_NAME = AppIcon;
				ASSETCATALOG_COMPILER_GLOBAL_ACCENT_COLOR_NAME = AccentColor;
				CODE_SIGN_ENTITLEMENTS = dBrest/dBrest.entitlements;
				CODE_SIGN_STYLE = Automatic;
				COMBINE_HIDPI_IMAGES = YES;
				CURRENT_PROJECT_VERSION = 1;
				DEVELOPMENT_ASSET_PATHS = "\"dBrest/Preview Content\"";
				DEVELOPMENT_TEAM = G5XTFB6483;
				ENABLE_HARDENED_RUNTIME = YES;
				ENABLE_PREVIEWS = YES;
				GENERATE_INFOPLIST_FILE = YES;
				INFOPLIST_KEY_NSHumanReadableCopyright = "";
				LD_RUNPATH_SEARCH_PATHS = (
					"$(inherited)",
					"@executable_path/../Frameworks",
				);
				MARKETING_VERSION = 1.0;
				PRODUCT_BUNDLE_IDENTIFIER = com.msp.dBrest;
				PRODUCT_NAME = "$(TARGET_NAME)";
				SWIFT_EMIT_LOC_STRINGS = YES;
				SWIFT_VERSION = 5.0;
			};
			name = Release;
		};
		725BDED32D92D14300201469 /* Debug */ = {
			isa = XCBuildConfiguration;
			buildSettings = {
				BUNDLE_LOADER = "$(TEST_HOST)";
				CODE_SIGN_STYLE = Automatic;
				CURRENT_PROJECT_VERSION = 1;
				DEVELOPMENT_TEAM = G5XTFB6483;
				GENERATE_INFOPLIST_FILE = YES;
				MACOSX_DEPLOYMENT_TARGET = 15.2;
				MARKETING_VERSION = 1.0;
				PRODUCT_BUNDLE_IDENTIFIER = com.msp.dBrestTests;
				PRODUCT_NAME = "$(TARGET_NAME)";
				SWIFT_EMIT_LOC_STRINGS = NO;
				SWIFT_VERSION = 5.0;
				TEST_HOST = "$(BUILT_PRODUCTS_DIR)/dBrest.app/$(BUNDLE_EXECUTABLE_FOLDER_PATH)/dBrest";
			};
			name = Debug;
		};
		725BDED42D92D14300201469 /* Release */ = {
			isa = XCBuildConfiguration;
			buildSettings = {
				BUNDLE_LOADER = "$(TEST_HOST)";
				CODE_SIGN_STYLE = Automatic;
				CURRENT_PROJECT_VERSION = 1;
				DEVELOPMENT_TEAM = G5XTFB6483;
				GENERATE_INFOPLIST_FILE = YES;
				MACOSX_DEPLOYMENT_TARGET = 15.2;
				MARKETING_VERSION = 1.0;
				PRODUCT_BUNDLE_IDENTIFIER = com.msp.dBrestTests;
				PRODUCT_NAME = "$(TARGET_NAME)";
				SWIFT_EMIT_LOC_STRINGS = NO;
				SWIFT_VERSION = 5.0;
				TEST_HOST = "$(BUILT_PRODUCTS_DIR)/dBrest.app/$(BUNDLE_EXECUTABLE_FOLDER_PATH)/dBrest";
			};
			name = Release;
		};
		725BDED62D92D14300201469 /* Debug */ = {
			isa = XCBuildConfiguration;
			buildSettings = {
				CODE_SIGN_STYLE = Automatic;
				CURRENT_PROJECT_VERSION = 1;
				DEVELOPMENT_TEAM = G5XTFB6483;
				GENERATE_INFOPLIST_FILE = YES;
				MARKETING_VERSION = 1.0;
				PRODUCT_BUNDLE_IDENTIFIER = com.msp.dBrestUITests;
				PRODUCT_NAME = "$(TARGET_NAME)";
				SWIFT_EMIT_LOC_STRINGS = NO;
				SWIFT_VERSION = 5.0;
				TEST_TARGET_NAME = dBrest;
			};
			name = Debug;
		};
		725BDED72D92D14300201469 /* Release */ = {
			isa = XCBuildConfiguration;
			buildSettings = {
				CODE_SIGN_STYLE = Automatic;
				CURRENT_PROJECT_VERSION = 1;
				DEVELOPMENT_TEAM = G5XTFB6483;
				GENERATE_INFOPLIST_FILE = YES;
				MARKETING_VERSION = 1.0;
				PRODUCT_BUNDLE_IDENTIFIER = com.msp.dBrestUITests;
				PRODUCT_NAME = "$(TARGET_NAME)";
				SWIFT_EMIT_LOC_STRINGS = NO;
				SWIFT_VERSION = 5.0;
				TEST_TARGET_NAME = dBrest;
			};
			name = Release;
		};
/* End XCBuildConfiguration section */

/* Begin XCConfigurationList section */
		725BDEA52D92D14200201469 /* Build configuration list for PBXProject "dBrest" */ = {
			isa = XCConfigurationList;
			buildConfigurations = (
				725BDECD2D92D14300201469 /* Debug */,
				725BDECE2D92D14300201469 /* Release */,
			);
			defaultConfigurationIsVisible = 0;
			defaultConfigurationName = Release;
		};
		725BDECF2D92D14300201469 /* Build configuration list for PBXNativeTarget "dBrest" */ = {
			isa = XCConfigurationList;
			buildConfigurations = (
				725BDED02D92D14300201469 /* Debug */,
				725BDED12D92D14300201469 /* Release */,
			);
			defaultConfigurationIsVisible = 0;
			defaultConfigurationName = Release;
		};
		725BDED22D92D14300201469 /* Build configuration list for PBXNativeTarget "dBrestTests" */ = {
			isa = XCConfigurationList;
			buildConfigurations = (
				725BDED32D92D14300201469 /* Debug */,
				725BDED42D92D14300201469 /* Release */,
			);
			defaultConfigurationIsVisible = 0;
			defaultConfigurationName = Release;
		};
		725BDED52D92D14300201469 /* Build configuration list for PBXNativeTarget "dBrestUITests" */ = {
			isa = XCConfigurationList;
			buildConfigurations = (
				725BDED62D92D14300201469 /* Debug */,
				725BDED72D92D14300201469 /* Release */,
			);
			defaultConfigurationIsVisible = 0;
			defaultConfigurationName = Release;
		};
/* End XCConfigurationList section */
	};
	rootObject = 725BDEA22D92D14200201469 /* Project object */;
}
